
Microsoft Visual Studio Solution File, Format Version 12.00
# Visual Studio Version 17
VisualStudioVersion = 17.8.34511.84
MinimumVisualStudioVersion = 10.0.40219.1
Project("{9A19103F-16F7-4668-BE54-9A1E7A4F7556}") = "FailedLoginsMonitor.BL", "FailedLoginsMonitor.BL\FailedLoginsMonitor.BL.csproj", "{81EECBBA-B1C3-4555-94A4-96D4247E0588}"
EndProject
Global
	GlobalSection(SolutionConfigurationPlatforms) = preSolution
		Debug|Any CPU = Debug|Any CPU
		Debug|x64 = Debug|x64
		Release|Any CPU = Release|Any CPU
		Release|x64 = Release|x64
	EndGlobalSection
	GlobalSection(ProjectConfigurationPlatforms) = postSolution
		{81EECBBA-B1C3-4555-94A4-96D4247E0588}.Debug|Any CPU.ActiveCfg = Debug|Any CPU
		{81EECBBA-B1C3-4555-94A4-96D4247E0588}.Debug|Any CPU.Build.0 = Debug|Any CPU
		{81EECBBA-B1C3-4555-94A4-96D4247E0588}.Debug|x64.ActiveCfg = Debug|x64
		{81EECBBA-B1C3-4555-94A4-96D4247E0588}.Debug|x64.Build.0 = Debug|x64
		{81EECBBA-B1C3-4555-94A4-96D4247E0588}.Release|Any CPU.ActiveCfg = Release|Any CPU
		{81EECBBA-B1C3-4555-94A4-96D4247E0588}.Release|Any CPU.Build.0 = Release|Any CPU
		{81EECBBA-B1C3-4555-94A4-96D4247E0588}.Release|x64.ActiveCfg = Release|x64
		{81EECBBA-B1C3-4555-94A4-96D4247E0588}.Release|x64.Build.0 = Release|x64
	EndGlobalSection
	GlobalSection(SolutionProperties) = preSolution
		HideSolutionNode = FALSE
	EndGlobalSection
	GlobalSection(ExtensibilityGlobals) = postSolution
		SolutionGuid = {035B2A56-ACC8-4AB5-9A7B-A9562A7881A2}
	EndGlobalSection
EndGlobal
